
Microsoft Visual Studio Solution File, Format Version 12.00
# Visual Studio Version 17
VisualStudioVersion = 17.8.34330.188
MinimumVisualStudioVersion = 10.0.40219.1
Project("{FAE04EC0-301F-11D3-BF4B-00C04F79EFBC}") = "ListaBrasil.UWP", "ListaBrasil\ListaBrasil.UWP\ListaBrasil.UWP.csproj", "{3704F60E-9A7C-4955-B9C2-7A0CCD9EB2D9}"
EndProject
Project("{FAE04EC0-301F-11D3-BF4B-00C04F79EFBC}") = "ListaBrasil.Android", "ListaBrasil\ListaBrasil.Android\ListaBrasil.Android.csproj", "{3B7E709E-8B92-4823-A57E-1480624802F3}"
EndProject
Project("{FAE04EC0-301F-11D3-BF4B-00C04F79EFBC}") = "ListaBrasil", "ListaBrasil\ListaBrasil\ListaBrasil.csproj", "{A2FA16E7-62D6-4DA9-A681-32D5061669DC}"
EndProject
Global
	GlobalSection(SolutionConfigurationPlatforms) = preSolution
		Debug|Any CPU = Debug|Any CPU
		Debug|ARM = Debug|ARM
		Debug|x64 = Debug|x64
		Debug|x86 = Debug|x86
		Release|Any CPU = Release|Any CPU
		Release|ARM = Release|ARM
		Release|x64 = Release|x64
		Release|x86 = Release|x86
	EndGlobalSection
	GlobalSection(ProjectConfigurationPlatforms) = postSolution
		{3704F60E-9A7C-4955-B9C2-7A0CCD9EB2D9}.Debug|Any CPU.ActiveCfg = Debug|x64
		{3704F60E-9A7C-4955-B9C2-7A0CCD9EB2D9}.Debug|Any CPU.Build.0 = Debug|x64
		{3704F60E-9A7C-4955-B9C2-7A0CCD9EB2D9}.Debug|Any CPU.Deploy.0 = Debug|x64
		{3704F60E-9A7C-4955-B9C2-7A0CCD9EB2D9}.Debug|ARM.ActiveCfg = Debug|ARM
		{3704F60E-9A7C-4955-B9C2-7A0CCD9EB2D9}.Debug|ARM.Build.0 = Debug|ARM
		{3704F60E-9A7C-4955-B9C2-7A0CCD9EB2D9}.Debug|ARM.Deploy.0 = Debug|ARM
		{3704F60E-9A7C-4955-B9C2-7A0CCD9EB2D9}.Debug|x64.ActiveCfg = Debug|x64
		{3704F60E-9A7C-4955-B9C2-7A0CCD9EB2D9}.Debug|x64.Build.0 = Debug|x64
		{3704F60E-9A7C-4955-B9C2-7A0CCD9EB2D9}.Debug|x64.Deploy.0 = Debug|x64
		{3704F60E-9A7C-4955-B9C2-7A0CCD9EB2D9}.Debug|x86.ActiveCfg = Debug|x86
		{3704F60E-9A7C-4955-B9C2-7A0CCD9EB2D9}.Debug|x86.Build.0 = Debug|x86
		{3704F60E-9A7C-4955-B9C2-7A0CCD9EB2D9}.Debug|x86.Deploy.0 = Debug|x86
		{3704F60E-9A7C-4955-B9C2-7A0CCD9EB2D9}.Release|Any CPU.ActiveCfg = Release|x64
		{3704F60E-9A7C-4955-B9C2-7A0CCD9EB2D9}.Release|Any CPU.Build.0 = Release|x64
		{3704F60E-9A7C-4955-B9C2-7A0CCD9EB2D9}.Release|Any CPU.Deploy.0 = Release|x64
		{3704F60E-9A7C-4955-B9C2-7A0CCD9EB2D9}.Release|ARM.ActiveCfg = Release|ARM
		{3704F60E-9A7C-4955-B9C2-7A0CCD9EB2D9}.Release|ARM.Build.0 = Release|ARM
		{3704F60E-9A7C-4955-B9C2-7A0CCD9EB2D9}.Release|ARM.Deploy.0 = Release|ARM
		{3704F60E-9A7C-4955-B9C2-7A0CCD9EB2D9}.Release|x64.ActiveCfg = Release|x64
		{3704F60E-9A7C-4955-B9C2-7A0CCD9EB2D9}.Release|x64.Build.0 = Release|x64
		{3704F60E-9A7C-4955-B9C2-7A0CCD9EB2D9}.Release|x64.Deploy.0 = Release|x64
		{3704F60E-9A7C-4955-B9C2-7A0CCD9EB2D9}.Release|x86.ActiveCfg = Release|x86
		{3704F60E-9A7C-4955-B9C2-7A0CCD9EB2D9}.Release|x86.Build.0 = Release|x86
		{3704F60E-9A7C-4955-B9C2-7A0CCD9EB2D9}.Release|x86.Deploy.0 = Release|x86
		{3B7E709E-8B92-4823-A57E-1480624802F3}.Debug|Any CPU.ActiveCfg = Debug|Any CPU
		{3B7E709E-8B92-4823-A57E-1480624802F3}.Debug|Any CPU.Build.0 = Debug|Any CPU
		{3B7E709E-8B92-4823-A57E-1480624802F3}.Debug|Any CPU.Deploy.0 = Debug|Any CPU
		{3B7E709E-8B92-4823-A57E-1480624802F3}.Debug|ARM.ActiveCfg = Debug|Any CPU
		{3B7E709E-8B92-4823-A57E-1480624802F3}.Debug|ARM.Build.0 = Debug|Any CPU
		{3B7E709E-8B92-4823-A57E-1480624802F3}.Debug|ARM.Deploy.0 = Debug|Any CPU
		{3B7E709E-8B92-4823-A57E-1480624802F3}.Debug|x64.ActiveCfg = Debug|Any CPU
		{3B7E709E-8B92-4823-A57E-1480624802F3}.Debug|x64.Build.0 = Debug|Any CPU
		{3B7E709E-8B92-4823-A57E-1480624802F3}.Debug|x64.Deploy.0 = Debug|Any CPU
		{3B7E709E-8B92-4823-A57E-1480624802F3}.Debug|x86.ActiveCfg = Debug|Any CPU
		{3B7E709E-8B92-4823-A57E-1480624802F3}.Debug|x86.Build.0 = Debug|Any CPU
		{3B7E709E-8B92-4823-A57E-1480624802F3}.Debug|x86.Deploy.0 = Debug|Any CPU
		{3B7E709E-8B92-4823-A57E-1480624802F3}.Release|Any CPU.ActiveCfg = Release|Any CPU
		{3B7E709E-8B92-4823-A57E-1480624802F3}.Release|Any CPU.Build.0 = Release|Any CPU
		{3B7E709E-8B92-4823-A57E-1480624802F3}.Release|Any CPU.Deploy.0 = Release|Any CPU
		{3B7E709E-8B92-4823-A57E-1480624802F3}.Release|ARM.ActiveCfg = Release|Any CPU
		{3B7E709E-8B92-4823-A57E-1480624802F3}.Release|ARM.Build.0 = Release|Any CPU
		{3B7E709E-8B92-4823-A57E-1480624802F3}.Release|ARM.Deploy.0 = Release|Any CPU
		{3B7E709E-8B92-4823-A57E-1480624802F3}.Release|x64.ActiveCfg = Release|Any CPU
		{3B7E709E-8B92-4823-A57E-1480624802F3}.Release|x64.Build.0 = Release|Any CPU
		{3B7E709E-8B92-4823-A57E-1480624802F3}.Release|x64.Deploy.0 = Release|Any CPU
		{3B7E709E-8B92-4823-A57E-1480624802F3}.Release|x86.ActiveCfg = Release|Any CPU
		{3B7E709E-8B92-4823-A57E-1480624802F3}.Release|x86.Build.0 = Release|Any CPU
		{3B7E709E-8B92-4823-A57E-1480624802F3}.Release|x86.Deploy.0 = Release|Any CPU
		{A2FA16E7-62D6-4DA9-A681-32D5061669DC}.Debug|Any CPU.ActiveCfg = Debug|Any CPU
		{A2FA16E7-62D6-4DA9-A681-32D5061669DC}.Debug|Any CPU.Build.0 = Debug|Any CPU
		{A2FA16E7-62D6-4DA9-A681-32D5061669DC}.Debug|Any CPU.Deploy.0 = Debug|Any CPU
		{A2FA16E7-62D6-4DA9-A681-32D5061669DC}.Debug|ARM.ActiveCfg = Debug|Any CPU
		{A2FA16E7-62D6-4DA9-A681-32D5061669DC}.Debug|ARM.Build.0 = Debug|Any CPU
		{A2FA16E7-62D6-4DA9-A681-32D5061669DC}.Debug|ARM.Deploy.0 = Debug|Any CPU
		{A2FA16E7-62D6-4DA9-A681-32D5061669DC}.Debug|x64.ActiveCfg = Debug|Any CPU
		{A2FA16E7-62D6-4DA9-A681-32D5061669DC}.Debug|x64.Build.0 = Debug|Any CPU
		{A2FA16E7-62D6-4DA9-A681-32D5061669DC}.Debug|x64.Deploy.0 = Debug|Any CPU
		{A2FA16E7-62D6-4DA9-A681-32D5061669DC}.Debug|x86.ActiveCfg = Debug|Any CPU
		{A2FA16E7-62D6-4DA9-A681-32D5061669DC}.Debug|x86.Build.0 = Debug|Any CPU
		{A2FA16E7-62D6-4DA9-A681-32D5061669DC}.Debug|x86.Deploy.0 = Debug|Any CPU
		{A2FA16E7-62D6-4DA9-A681-32D5061669DC}.Release|Any CPU.ActiveCfg = Release|Any CPU
		{A2FA16E7-62D6-4DA9-A681-32D5061669DC}.Release|Any CPU.Build.0 = Release|Any CPU
		{A2FA16E7-62D6-4DA9-A681-32D5061669DC}.Release|Any CPU.Deploy.0 = Release|Any CPU
		{A2FA16E7-62D6-4DA9-A681-32D5061669DC}.Release|ARM.ActiveCfg = Release|Any CPU
		{A2FA16E7-62D6-4DA9-A681-32D5061669DC}.Release|ARM.Build.0 = Release|Any CPU
		{A2FA16E7-62D6-4DA9-A681-32D5061669DC}.Release|ARM.Deploy.0 = Release|Any CPU
		{A2FA16E7-62D6-4DA9-A681-32D5061669DC}.Release|x64.ActiveCfg = Release|Any CPU
		{A2FA16E7-62D6-4DA9-A681-32D5061669DC}.Release|x64.Build.0 = Release|Any CPU
		{A2FA16E7-62D6-4DA9-A681-32D5061669DC}.Release|x64.Deploy.0 = Release|Any CPU
		{A2FA16E7-62D6-4DA9-A681-32D5061669DC}.Release|x86.ActiveCfg = Release|Any CPU
		{A2FA16E7-62D6-4DA9-A681-32D5061669DC}.Release|x86.Build.0 = Release|Any CPU
		{A2FA16E7-62D6-4DA9-A681-32D5061669DC}.Release|x86.Deploy.0 = Release|Any CPU
	EndGlobalSection
	GlobalSection(SolutionProperties) = preSolution
		HideSolutionNode = FALSE
	EndGlobalSection
	GlobalSection(ExtensibilityGlobals) = postSolution
		SolutionGuid = {D988CB15-6716-4F16-B1EF-984318B900E0}
	EndGlobalSection
EndGlobal
